
Microsoft Visual Studio Solution File, Format Version 12.00
# Visual Studio Version 17
VisualStudioVersion = 17.0.31903.59
MinimumVisualStudioVersion = 10.0.40219.1
Project("{2150E333-8FDC-42A3-9474-1A3956D46DE8}") = "src", "src", "{827E0CD3-B72D-47B6-A68D-7590B98EB39B}"
EndProject
Project("{FAE04EC0-301F-11D3-BF4B-00C04F79EFBC}") = "ClaimsEngine.Domain", "src\ClaimsEngine.Domain\ClaimsEngine.Domain.csproj", "{6913BF09-CFDA-4C69-99C9-B5AC3E714FE0}"
EndProject
Project("{FAE04EC0-301F-11D3-BF4B-00C04F79EFBC}") = "ClaimsEngine.Application", "src\ClaimsEngine.Application\ClaimsEngine.Application.csproj", "{E2194CE0-142E-443C-B05A-C187FCF1118F}"
EndProject
Project("{FAE04EC0-301F-11D3-BF4B-00C04F79EFBC}") = "ClaimsEngine.Infrastructure", "src\ClaimsEngine.Infrastructure\ClaimsEngine.Infrastructure.csproj", "{0316A3DD-624D-4C68-80AF-163DA24DF98B}"
EndProject
Project("{FAE04EC0-301F-11D3-BF4B-00C04F79EFBC}") = "ClaimsEngine.Api", "src\ClaimsEngine.Api\ClaimsEngine.Api.csproj", "{AC6F76CC-4CFF-41E7-A642-3B996039EDA2}"
EndProject
Project("{2150E333-8FDC-42A3-9474-1A3956D46DE8}") = "tests", "tests", "{0AB3BF05-4346-4AA6-1389-037BE0695223}"
EndProject
Project("{FAE04EC0-301F-11D3-BF4B-00C04F79EFBC}") = "ClaimsEngine.Domain.Tests", "tests\ClaimsEngine.Domain.Tests\ClaimsEngine.Domain.Tests.csproj", "{397A3F37-DD23-491E-BEF8-69A4D3E13F6C}"
EndProject
Project("{FAE04EC0-301F-11D3-BF4B-00C04F79EFBC}") = "ClaimsEngine.Application.Tests", "tests\ClaimsEngine.Application.Tests\ClaimsEngine.Application.Tests.csproj", "{4F7C3E94-BF3E-4AB2-AF01-E5E39808BC74}"
EndProject
Project("{FAE04EC0-301F-11D3-BF4B-00C04F79EFBC}") = "ClaimsEngine.Api.Tests", "tests\ClaimsEngine.Api.Tests\ClaimsEngine.Api.Tests.csproj", "{FD52B916-EF4F-4616-8BF9-4C3FD95FDA85}"
EndProject
Global
	GlobalSection(SolutionConfigurationPlatforms) = preSolution
		Debug|Any CPU = Debug|Any CPU
		Debug|x64 = Debug|x64
		Debug|x86 = Debug|x86
		Release|Any CPU = Release|Any CPU
		Release|x64 = Release|x64
		Release|x86 = Release|x86
	EndGlobalSection
	GlobalSection(ProjectConfigurationPlatforms) = postSolution
		{6913BF09-CFDA-4C69-99C9-B5AC3E714FE0}.Debug|Any CPU.ActiveCfg = Debug|Any CPU
		{6913BF09-CFDA-4C69-99C9-B5AC3E714FE0}.Debug|Any CPU.Build.0 = Debug|Any CPU
		{6913BF09-CFDA-4C69-99C9-B5AC3E714FE0}.Debug|x64.ActiveCfg = Debug|Any CPU
		{6913BF09-CFDA-4C69-99C9-B5AC3E714FE0}.Debug|x64.Build.0 = Debug|Any CPU
		{6913BF09-CFDA-4C69-99C9-B5AC3E714FE0}.Debug|x86.ActiveCfg = Debug|Any CPU
		{6913BF09-CFDA-4C69-99C9-B5AC3E714FE0}.Debug|x86.Build.0 = Debug|Any CPU
		{6913BF09-CFDA-4C69-99C9-B5AC3E714FE0}.Release|Any CPU.ActiveCfg = Release|Any CPU
		{6913BF09-CFDA-4C69-99C9-B5AC3E714FE0}.Release|Any CPU.Build.0 = Release|Any CPU
		{6913BF09-CFDA-4C69-99C9-B5AC3E714FE0}.Release|x64.ActiveCfg = Release|Any CPU
		{6913BF09-CFDA-4C69-99C9-B5AC3E714FE0}.Release|x64.Build.0 = Release|Any CPU
		{6913BF09-CFDA-4C69-99C9-B5AC3E714FE0}.Release|x86.ActiveCfg = Release|Any CPU
		{6913BF09-CFDA-4C69-99C9-B5AC3E714FE0}.Release|x86.Build.0 = Release|Any CPU
		{E2194CE0-142E-443C-B05A-C187FCF1118F}.Debug|Any CPU.ActiveCfg = Debug|Any CPU
		{E2194CE0-142E-443C-B05A-C187FCF1118F}.Debug|Any CPU.Build.0 = Debug|Any CPU
		{E2194CE0-142E-443C-B05A-C187FCF1118F}.Debug|x64.ActiveCfg = Debug|Any CPU
		{E2194CE0-142E-443C-B05A-C187FCF1118F}.Debug|x64.Build.0 = Debug|Any CPU
		{E2194CE0-142E-443C-B05A-C187FCF1118F}.Debug|x86.ActiveCfg = Debug|Any CPU
		{E2194CE0-142E-443C-B05A-C187FCF1118F}.Debug|x86.Build.0 = Debug|Any CPU
		{E2194CE0-142E-443C-B05A-C187FCF1118F}.Release|Any CPU.ActiveCfg = Release|Any CPU
		{E2194CE0-142E-443C-B05A-C187FCF1118F}.Release|Any CPU.Build.0 = Release|Any CPU
		{E2194CE0-142E-443C-B05A-C187FCF1118F}.Release|x64.ActiveCfg = Release|Any CPU
		{E2194CE0-142E-443C-B05A-C187FCF1118F}.Release|x64.Build.0 = Release|Any CPU
		{E2194CE0-142E-443C-B05A-C187FCF1118F}.Release|x86.ActiveCfg = Release|Any CPU
		{E2194CE0-142E-443C-B05A-C187FCF1118F}.Release|x86.Build.0 = Release|Any CPU
		{0316A3DD-624D-4C68-80AF-163DA24DF98B}.Debug|Any CPU.ActiveCfg = Debug|Any CPU
		{0316A3DD-624D-4C68-80AF-163DA24DF98B}.Debug|Any CPU.Build.0 = Debug|Any CPU
		{0316A3DD-624D-4C68-80AF-163DA24DF98B}.Debug|x64.ActiveCfg = Debug|Any CPU
		{0316A3DD-624D-4C68-80AF-163DA24DF98B}.Debug|x64.Build.0 = Debug|Any CPU
		{0316A3DD-624D-4C68-80AF-163DA24DF98B}.Debug|x86.ActiveCfg = Debug|Any CPU
		{0316A3DD-624D-4C68-80AF-163DA24DF98B}.Debug|x86.Build.0 = Debug|Any CPU
		{0316A3DD-624D-4C68-80AF-163DA24DF98B}.Release|Any CPU.ActiveCfg = Release|Any CPU
		{0316A3DD-624D-4C68-80AF-163DA24DF98B}.Release|Any CPU.Build.0 = Release|Any CPU
		{0316A3DD-624D-4C68-80AF-163DA24DF98B}.Release|x64.ActiveCfg = Release|Any CPU
		{0316A3DD-624D-4C68-80AF-163DA24DF98B}.Release|x64.Build.0 = Release|Any CPU
		{0316A3DD-624D-4C68-80AF-163DA24DF98B}.Release|x86.ActiveCfg = Release|Any CPU
		{0316A3DD-624D-4C68-80AF-163DA24DF98B}.Release|x86.Build.0 = Release|Any CPU
		{AC6F76CC-4CFF-41E7-A642-3B996039EDA2}.Debug|Any CPU.ActiveCfg = Debug|Any CPU
		{AC6F76CC-4CFF-41E7-A642-3B996039EDA2}.Debug|Any CPU.Build.0 = Debug|Any CPU
		{AC6F76CC-4CFF-41E7-A642-3B996039EDA2}.Debug|x64.ActiveCfg = Debug|Any CPU
		{AC6F76CC-4CFF-41E7-A642-3B996039EDA2}.Debug|x64.Build.0 = Debug|Any CPU
		{AC6F76CC-4CFF-41E7-A642-3B996039EDA2}.Debug|x86.ActiveCfg = Debug|Any CPU
		{AC6F76CC-4CFF-41E7-A642-3B996039EDA2}.Debug|x86.Build.0 = Debug|Any CPU
		{AC6F76CC-4CFF-41E7-A642-3B996039EDA2}.Release|Any CPU.ActiveCfg = Release|Any CPU
		{AC6F76CC-4CFF-41E7-A642-3B996039EDA2}.Release|Any CPU.Build.0 = Release|Any CPU
		{AC6F76CC-4CFF-41E7-A642-3B996039EDA2}.Release|x64.ActiveCfg = Release|Any CPU
		{AC6F76CC-4CFF-41E7-A642-3B996039EDA2}.Release|x64.Build.0 = Release|Any CPU
		{AC6F76CC-4CFF-41E7-A642-3B996039EDA2}.Release|x86.ActiveCfg = Release|Any CPU
		{AC6F76CC-4CFF-41E7-A642-3B996039EDA2}.Release|x86.Build.0 = Release|Any CPU
		{397A3F37-DD23-491E-BEF8-69A4D3E13F6C}.Debug|Any CPU.ActiveCfg = Debug|Any CPU
		{397A3F37-DD23-491E-BEF8-69A4D3E13F6C}.Debug|Any CPU.Build.0 = Debug|Any CPU
		{397A3F37-DD23-491E-BEF8-69A4D3E13F6C}.Debug|x64.ActiveCfg = Debug|Any CPU
		{397A3F37-DD23-491E-BEF8-69A4D3E13F6C}.Debug|x64.Build.0 = Debug|Any CPU
		{397A3F37-DD23-491E-BEF8-69A4D3E13F6C}.Debug|x86.ActiveCfg = Debug|Any CPU
		{397A3F37-DD23-491E-BEF8-69A4D3E13F6C}.Debug|x86.Build.0 = Debug|Any CPU
		{397A3F37-DD23-491E-BEF8-69A4D3E13F6C}.Release|Any CPU.ActiveCfg = Release|Any CPU
		{397A3F37-DD23-491E-BEF8-69A4D3E13F6C}.Release|Any CPU.Build.0 = Release|Any CPU
		{397A3F37-DD23-491E-BEF8-69A4D3E13F6C}.Release|x64.ActiveCfg = Release|Any CPU
		{397A3F37-DD23-491E-BEF8-69A4D3E13F6C}.Release|x64.Build.0 = Release|Any CPU
		{397A3F37-DD23-491E-BEF8-69A4D3E13F6C}.Release|x86.ActiveCfg = Release|Any CPU
		{397A3F37-DD23-491E-BEF8-69A4D3E13F6C}.Release|x86.Build.0 = Release|Any CPU
		{4F7C3E94-BF3E-4AB2-AF01-E5E39808BC74}.Debug|Any CPU.ActiveCfg = Debug|Any CPU
		{4F7C3E94-BF3E-4AB2-AF01-E5E39808BC74}.Debug|Any CPU.Build.0 = Debug|Any CPU
		{4F7C3E94-BF3E-4AB2-AF01-E5E39808BC74}.Debug|x64.ActiveCfg = Debug|Any CPU
		{4F7C3E94-BF3E-4AB2-AF01-E5E39808BC74}.Debug|x64.Build.0 = Debug|Any CPU
		{4F7C3E94-BF3E-4AB2-AF01-E5E39808BC74}.Debug|x86.ActiveCfg = Debug|Any CPU
		{4F7C3E94-BF3E-4AB2-AF01-E5E39808BC74}.Debug|x86.Build.0 = Debug|Any CPU
		{4F7C3E94-BF3E-4AB2-AF01-E5E39808BC74}.Release|Any CPU.ActiveCfg = Release|Any CPU
		{4F7C3E94-BF3E-4AB2-AF01-E5E39808BC74}.Release|Any CPU.Build.0 = Release|Any CPU
		{4F7C3E94-BF3E-4AB2-AF01-E5E39808BC74}.Release|x64.ActiveCfg = Release|Any CPU
		{4F7C3E94-BF3E-4AB2-AF01-E5E39808BC74}.Release|x64.Build.0 = Release|Any CPU
		{4F7C3E94-BF3E-4AB2-AF01-E5E39808BC74}.Release|x86.ActiveCfg = Release|Any CPU
		{4F7C3E94-BF3E-4AB2-AF01-E5E39808BC74}.Release|x86.Build.0 = Release|Any CPU
		{FD52B916-EF4F-4616-8BF9-4C3FD95FDA85}.Debug|Any CPU.ActiveCfg = Debug|Any CPU
		{FD52B916-EF4F-4616-8BF9-4C3FD95FDA85}.Debug|Any CPU.Build.0 = Debug|Any CPU
		{FD52B916-EF4F-4616-8BF9-4C3FD95FDA85}.Debug|x64.ActiveCfg = Debug|Any CPU
		{FD52B916-EF4F-4616-8BF9-4C3FD95FDA85}.Debug|x64.Build.0 = Debug|Any CPU
		{FD52B916-EF4F-4616-8BF9-4C3FD95FDA85}.Debug|x86.ActiveCfg = Debug|Any CPU
		{FD52B916-EF4F-4616-8BF9-4C3FD95FDA85}.Debug|x86.Build.0 = Debug|Any CPU
		{FD52B916-EF4F-4616-8BF9-4C3FD95FDA85}.Release|Any CPU.ActiveCfg = Release|Any CPU
		{FD52B916-EF4F-4616-8BF9-4C3FD95FDA85}.Release|Any CPU.Build.0 = Release|Any CPU
		{FD52B916-EF4F-4616-8BF9-4C3FD95FDA85}.Release|x64.ActiveCfg = Release|Any CPU
		{FD52B916-EF4F-4616-8BF9-4C3FD95FDA85}.Release|x64.Build.0 = Release|Any CPU
		{FD52B916-EF4F-4616-8BF9-4C3FD95FDA85}.Release|x86.ActiveCfg = Release|Any CPU
		{FD52B916-EF4F-4616-8BF9-4C3FD95FDA85}.Release|x86.Build.0 = Release|Any CPU
	EndGlobalSection
	GlobalSection(SolutionProperties) = preSolution
		HideSolutionNode = FALSE
	EndGlobalSection
	GlobalSection(NestedProjects) = preSolution
		{6913BF09-CFDA-4C69-99C9-B5AC3E714FE0} = {827E0CD3-B72D-47B6-A68D-7590B98EB39B}
		{E2194CE0-142E-443C-B05A-C187FCF1118F} = {827E0CD3-B72D-47B6-A68D-7590B98EB39B}
		{0316A3DD-624D-4C68-80AF-163DA24DF98B} = {827E0CD3-B72D-47B6-A68D-7590B98EB39B}
		{AC6F76CC-4CFF-41E7-A642-3B996039EDA2} = {827E0CD3-B72D-47B6-A68D-7590B98EB39B}
		{397A3F37-DD23-491E-BEF8-69A4D3E13F6C} = {0AB3BF05-4346-4AA6-1389-037BE0695223}
		{4F7C3E94-BF3E-4AB2-AF01-E5E39808BC74} = {0AB3BF05-4346-4AA6-1389-037BE0695223}
		{FD52B916-EF4F-4616-8BF9-4C3FD95FDA85} = {0AB3BF05-4346-4AA6-1389-037BE0695223}
	EndGlobalSection
EndGlobal
